
Microsoft Visual Studio Solution File, Format Version 12.00
# Visual Studio 15
VisualStudioVersion = 15.0.25807.0
MinimumVisualStudioVersion = 10.0.40219.1
Project("{2150E333-8FDC-42A3-9474-1A3956D46DE8}") = "Engine", "Engine", "{9384658E-107D-427A-A9AE-29DF2641648B}"
EndProject
Project("{2150E333-8FDC-42A3-9474-1A3956D46DE8}") = "Games", "Games", "{214E28B2-9E0C-4369-82F2-AB56BDEA66FD}"
EndProject
Project("{8BC9CEB8-8B4A-11D0-8D11-00A0C91BC942}") = "UE4", "Intermediate\ProjectFiles\UE4.vcxproj", "{E1B3860F-9724-4D47-B70A-E2CB5E58295A}"
EndProject
Project("{8BC9CEB8-8B4A-11D0-8D11-00A0C91BC942}") = "CreateAndLinkDLLProj", "Intermediate\ProjectFiles\CreateAndLinkDLLProj.vcxproj", "{E845D66D-1214-4108-8EB3-F02204103A9F}"
EndProject
Project("{FAE04EC0-301F-11D3-BF4B-00C04F79EFBC}") = "MyDLL", "MyDLL\MyDLL.csproj", "{4129FF5A-AFE1-4BF0-8EEE-D52696229326}"
EndProject
Global
	GlobalSection(SolutionConfigurationPlatforms) = preSolution
		Debug|Any CPU = Debug|Any CPU
		Debug|HTML5 = Debug|HTML5
		Debug|Win32 = Debug|Win32
		Debug|Win64 = Debug|Win64
		DebugGame Editor|Any CPU = DebugGame Editor|Any CPU
		DebugGame Editor|HTML5 = DebugGame Editor|HTML5
		DebugGame Editor|Win32 = DebugGame Editor|Win32
		DebugGame Editor|Win64 = DebugGame Editor|Win64
		DebugGame|Any CPU = DebugGame|Any CPU
		DebugGame|HTML5 = DebugGame|HTML5
		DebugGame|Win32 = DebugGame|Win32
		DebugGame|Win64 = DebugGame|Win64
		Development Editor|Any CPU = Development Editor|Any CPU
		Development Editor|HTML5 = Development Editor|HTML5
		Development Editor|Win32 = Development Editor|Win32
		Development Editor|Win64 = Development Editor|Win64
		Development|Any CPU = Development|Any CPU
		Development|HTML5 = Development|HTML5
		Development|Win32 = Development|Win32
		Development|Win64 = Development|Win64
		Release|Any CPU = Release|Any CPU
		Release|HTML5 = Release|HTML5
		Release|Win32 = Release|Win32
		Release|Win64 = Release|Win64
		Shipping|Any CPU = Shipping|Any CPU
		Shipping|HTML5 = Shipping|HTML5
		Shipping|Win32 = Shipping|Win32
		Shipping|Win64 = Shipping|Win64
	EndGlobalSection
	GlobalSection(ProjectConfigurationPlatforms) = postSolution
		{E1B3860F-9724-4D47-B70A-E2CB5E58295A}.Debug|Any CPU.ActiveCfg = BuiltWithUnrealBuildTool|Win32
		{E1B3860F-9724-4D47-B70A-E2CB5E58295A}.Debug|Any CPU.Build.0 = BuiltWithUnrealBuildTool|Win32
		{E1B3860F-9724-4D47-B70A-E2CB5E58295A}.Debug|HTML5.ActiveCfg = BuiltWithUnrealBuildTool|Win32
		{E1B3860F-9724-4D47-B70A-E2CB5E58295A}.Debug|HTML5.Build.0 = BuiltWithUnrealBuildTool|Win32
		{E1B3860F-9724-4D47-B70A-E2CB5E58295A}.Debug|Win32.ActiveCfg = BuiltWithUnrealBuildTool|Win32
		{E1B3860F-9724-4D47-B70A-E2CB5E58295A}.Debug|Win32.Build.0 = BuiltWithUnrealBuildTool|Win32
		{E1B3860F-9724-4D47-B70A-E2CB5E58295A}.Debug|Win64.ActiveCfg = BuiltWithUnrealBuildTool|Win32
		{E1B3860F-9724-4D47-B70A-E2CB5E58295A}.Debug|Win64.Build.0 = BuiltWithUnrealBuildTool|Win32
		{E1B3860F-9724-4D47-B70A-E2CB5E58295A}.DebugGame Editor|Any CPU.ActiveCfg = BuiltWithUnrealBuildTool|Win32
		{E1B3860F-9724-4D47-B70A-E2CB5E58295A}.DebugGame Editor|Any CPU.Build.0 = BuiltWithUnrealBuildTool|Win32
		{E1B3860F-9724-4D47-B70A-E2CB5E58295A}.DebugGame Editor|HTML5.ActiveCfg = BuiltWithUnrealBuildTool|Win32
		{E1B3860F-9724-4D47-B70A-E2CB5E58295A}.DebugGame Editor|HTML5.Build.0 = BuiltWithUnrealBuildTool|Win32
		{E1B3860F-9724-4D47-B70A-E2CB5E58295A}.DebugGame Editor|Win32.ActiveCfg = BuiltWithUnrealBuildTool|Win32
		{E1B3860F-9724-4D47-B70A-E2CB5E58295A}.DebugGame Editor|Win32.Build.0 = BuiltWithUnrealBuildTool|Win32
		{E1B3860F-9724-4D47-B70A-E2CB5E58295A}.DebugGame Editor|Win64.ActiveCfg = BuiltWithUnrealBuildTool|Win32
		{E1B3860F-9724-4D47-B70A-E2CB5E58295A}.DebugGame Editor|Win64.Build.0 = BuiltWithUnrealBuildTool|Win32
		{E1B3860F-9724-4D47-B70A-E2CB5E58295A}.DebugGame|Any CPU.ActiveCfg = BuiltWithUnrealBuildTool|Win32
		{E1B3860F-9724-4D47-B70A-E2CB5E58295A}.DebugGame|Any CPU.Build.0 = BuiltWithUnrealBuildTool|Win32
		{E1B3860F-9724-4D47-B70A-E2CB5E58295A}.DebugGame|HTML5.ActiveCfg = BuiltWithUnrealBuildTool|Win32
		{E1B3860F-9724-4D47-B70A-E2CB5E58295A}.DebugGame|HTML5.Build.0 = BuiltWithUnrealBuildTool|Win32
		{E1B3860F-9724-4D47-B70A-E2CB5E58295A}.DebugGame|Win32.ActiveCfg = BuiltWithUnrealBuildTool|Win32
		{E1B3860F-9724-4D47-B70A-E2CB5E58295A}.DebugGame|Win32.Build.0 = BuiltWithUnrealBuildTool|Win32
		{E1B3860F-9724-4D47-B70A-E2CB5E58295A}.DebugGame|Win64.ActiveCfg = BuiltWithUnrealBuildTool|Win32
		{E1B3860F-9724-4D47-B70A-E2CB5E58295A}.DebugGame|Win64.Build.0 = BuiltWithUnrealBuildTool|Win32
		{E1B3860F-9724-4D47-B70A-E2CB5E58295A}.Development Editor|Any CPU.ActiveCfg = BuiltWithUnrealBuildTool|Win32
		{E1B3860F-9724-4D47-B70A-E2CB5E58295A}.Development Editor|Any CPU.Build.0 = BuiltWithUnrealBuildTool|Win32
		{E1B3860F-9724-4D47-B70A-E2CB5E58295A}.Development Editor|HTML5.ActiveCfg = BuiltWithUnrealBuildTool|Win32
		{E1B3860F-9724-4D47-B70A-E2CB5E58295A}.Development Editor|HTML5.Build.0 = BuiltWithUnrealBuildTool|Win32
		{E1B3860F-9724-4D47-B70A-E2CB5E58295A}.Development Editor|Win32.ActiveCfg = BuiltWithUnrealBuildTool|Win32
		{E1B3860F-9724-4D47-B70A-E2CB5E58295A}.Development Editor|Win32.Build.0 = BuiltWithUnrealBuildTool|Win32
		{E1B3860F-9724-4D47-B70A-E2CB5E58295A}.Development Editor|Win64.ActiveCfg = BuiltWithUnrealBuildTool|Win32
		{E1B3860F-9724-4D47-B70A-E2CB5E58295A}.Development Editor|Win64.Build.0 = BuiltWithUnrealBuildTool|Win32
		{E1B3860F-9724-4D47-B70A-E2CB5E58295A}.Development|Any CPU.ActiveCfg = BuiltWithUnrealBuildTool|Win32
		{E1B3860F-9724-4D47-B70A-E2CB5E58295A}.Development|Any CPU.Build.0 = BuiltWithUnrealBuildTool|Win32
		{E1B3860F-9724-4D47-B70A-E2CB5E58295A}.Development|HTML5.ActiveCfg = BuiltWithUnrealBuildTool|Win32
		{E1B3860F-9724-4D47-B70A-E2CB5E58295A}.Development|HTML5.Build.0 = BuiltWithUnrealBuildTool|Win32
		{E1B3860F-9724-4D47-B70A-E2CB5E58295A}.Development|Win32.ActiveCfg = BuiltWithUnrealBuildTool|Win32
		{E1B3860F-9724-4D47-B70A-E2CB5E58295A}.Development|Win32.Build.0 = BuiltWithUnrealBuildTool|Win32
		{E1B3860F-9724-4D47-B70A-E2CB5E58295A}.Development|Win64.ActiveCfg = BuiltWithUnrealBuildTool|Win32
		{E1B3860F-9724-4D47-B70A-E2CB5E58295A}.Development|Win64.Build.0 = BuiltWithUnrealBuildTool|Win32
		{E1B3860F-9724-4D47-B70A-E2CB5E58295A}.Release|Any CPU.ActiveCfg = BuiltWithUnrealBuildTool|Win32
		{E1B3860F-9724-4D47-B70A-E2CB5E58295A}.Release|Any CPU.Build.0 = BuiltWithUnrealBuildTool|Win32
		{E1B3860F-9724-4D47-B70A-E2CB5E58295A}.Release|HTML5.ActiveCfg = BuiltWithUnrealBuildTool|Win32
		{E1B3860F-9724-4D47-B70A-E2CB5E58295A}.Release|HTML5.Build.0 = BuiltWithUnrealBuildTool|Win32
		{E1B3860F-9724-4D47-B70A-E2CB5E58295A}.Release|Win32.ActiveCfg = BuiltWithUnrealBuildTool|Win32
		{E1B3860F-9724-4D47-B70A-E2CB5E58295A}.Release|Win32.Build.0 = BuiltWithUnrealBuildTool|Win32
		{E1B3860F-9724-4D47-B70A-E2CB5E58295A}.Release|Win64.ActiveCfg = BuiltWithUnrealBuildTool|Win32
		{E1B3860F-9724-4D47-B70A-E2CB5E58295A}.Release|Win64.Build.0 = BuiltWithUnrealBuildTool|Win32
		{E1B3860F-9724-4D47-B70A-E2CB5E58295A}.Shipping|Any CPU.ActiveCfg = BuiltWithUnrealBuildTool|Win32
		{E1B3860F-9724-4D47-B70A-E2CB5E58295A}.Shipping|Any CPU.Build.0 = BuiltWithUnrealBuildTool|Win32
		{E1B3860F-9724-4D47-B70A-E2CB5E58295A}.Shipping|HTML5.ActiveCfg = BuiltWithUnrealBuildTool|Win32
		{E1B3860F-9724-4D47-B70A-E2CB5E58295A}.Shipping|HTML5.Build.0 = BuiltWithUnrealBuildTool|Win32
		{E1B3860F-9724-4D47-B70A-E2CB5E58295A}.Shipping|Win32.ActiveCfg = BuiltWithUnrealBuildTool|Win32
		{E1B3860F-9724-4D47-B70A-E2CB5E58295A}.Shipping|Win32.Build.0 = BuiltWithUnrealBuildTool|Win32
		{E1B3860F-9724-4D47-B70A-E2CB5E58295A}.Shipping|Win64.ActiveCfg = BuiltWithUnrealBuildTool|Win32
		{E1B3860F-9724-4D47-B70A-E2CB5E58295A}.Shipping|Win64.Build.0 = BuiltWithUnrealBuildTool|Win32
		{E845D66D-1214-4108-8EB3-F02204103A9F}.Debug|Any CPU.ActiveCfg = HTML5_DebugGame_Game|x64
		{E845D66D-1214-4108-8EB3-F02204103A9F}.Debug|Any CPU.Build.0 = HTML5_DebugGame_Game|x64
		{E845D66D-1214-4108-8EB3-F02204103A9F}.Debug|HTML5.ActiveCfg = HTML5_DebugGame_Game|x64
		{E845D66D-1214-4108-8EB3-F02204103A9F}.Debug|HTML5.Build.0 = HTML5_DebugGame_Game|x64
		{E845D66D-1214-4108-8EB3-F02204103A9F}.Debug|Win32.ActiveCfg = DebugGame_Game|Win32
		{E845D66D-1214-4108-8EB3-F02204103A9F}.Debug|Win32.Build.0 = DebugGame_Game|Win32
		{E845D66D-1214-4108-8EB3-F02204103A9F}.Debug|Win64.ActiveCfg = HTML5_DebugGame_Game|x64
		{E845D66D-1214-4108-8EB3-F02204103A9F}.Debug|Win64.Build.0 = HTML5_DebugGame_Game|x64
		{E845D66D-1214-4108-8EB3-F02204103A9F}.DebugGame Editor|Any CPU.ActiveCfg = HTML5_DebugGame_Game|x64
		{E845D66D-1214-4108-8EB3-F02204103A9F}.DebugGame Editor|Any CPU.Build.0 = HTML5_DebugGame_Game|x64
		{E845D66D-1214-4108-8EB3-F02204103A9F}.DebugGame Editor|HTML5.ActiveCfg = HTML5_DebugGame_Editor|Win32
		{E845D66D-1214-4108-8EB3-F02204103A9F}.DebugGame Editor|Win32.ActiveCfg = DebugGame_Editor|Win32
		{E845D66D-1214-4108-8EB3-F02204103A9F}.DebugGame Editor|Win64.ActiveCfg = DebugGame_Editor|x64
		{E845D66D-1214-4108-8EB3-F02204103A9F}.DebugGame Editor|Win64.Build.0 = DebugGame_Editor|x64
		{E845D66D-1214-4108-8EB3-F02204103A9F}.DebugGame|Any CPU.ActiveCfg = HTML5_DebugGame_Game|x64
		{E845D66D-1214-4108-8EB3-F02204103A9F}.DebugGame|Any CPU.Build.0 = HTML5_DebugGame_Game|x64
		{E845D66D-1214-4108-8EB3-F02204103A9F}.DebugGame|HTML5.ActiveCfg = HTML5_DebugGame_Game|Win32
		{E845D66D-1214-4108-8EB3-F02204103A9F}.DebugGame|HTML5.Build.0 = HTML5_DebugGame_Game|Win32
		{E845D66D-1214-4108-8EB3-F02204103A9F}.DebugGame|Win32.ActiveCfg = DebugGame_Game|Win32
		{E845D66D-1214-4108-8EB3-F02204103A9F}.DebugGame|Win32.Build.0 = DebugGame_Game|Win32
		{E845D66D-1214-4108-8EB3-F02204103A9F}.DebugGame|Win64.ActiveCfg = DebugGame_Game|x64
		{E845D66D-1214-4108-8EB3-F02204103A9F}.DebugGame|Win64.Build.0 = DebugGame_Game|x64
		{E845D66D-1214-4108-8EB3-F02204103A9F}.Development Editor|Any CPU.ActiveCfg = HTML5_DebugGame_Game|x64
		{E845D66D-1214-4108-8EB3-F02204103A9F}.Development Editor|Any CPU.Build.0 = HTML5_DebugGame_Game|x64
		{E845D66D-1214-4108-8EB3-F02204103A9F}.Development Editor|HTML5.ActiveCfg = HTML5_Development_Editor|Win32
		{E845D66D-1214-4108-8EB3-F02204103A9F}.Development Editor|Win32.ActiveCfg = Development_Editor|Win32
		{E845D66D-1214-4108-8EB3-F02204103A9F}.Development Editor|Win64.ActiveCfg = Development_Editor|x64
		{E845D66D-1214-4108-8EB3-F02204103A9F}.Development Editor|Win64.Build.0 = Development_Editor|x64
		{E845D66D-1214-4108-8EB3-F02204103A9F}.Development|Any CPU.ActiveCfg = HTML5_DebugGame_Game|x64
		{E845D66D-1214-4108-8EB3-F02204103A9F}.Development|Any CPU.Build.0 = HTML5_DebugGame_Game|x64
		{E845D66D-1214-4108-8EB3-F02204103A9F}.Development|HTML5.ActiveCfg = HTML5_Development_Game|Win32
		{E845D66D-1214-4108-8EB3-F02204103A9F}.Development|HTML5.Build.0 = HTML5_Development_Game|Win32
		{E845D66D-1214-4108-8EB3-F02204103A9F}.Development|Win32.ActiveCfg = Development_Game|Win32
		{E845D66D-1214-4108-8EB3-F02204103A9F}.Development|Win32.Build.0 = Development_Game|Win32
		{E845D66D-1214-4108-8EB3-F02204103A9F}.Development|Win64.ActiveCfg = Development_Game|x64
		{E845D66D-1214-4108-8EB3-F02204103A9F}.Development|Win64.Build.0 = Development_Game|x64
		{E845D66D-1214-4108-8EB3-F02204103A9F}.Release|Any CPU.ActiveCfg = HTML5_DebugGame_Game|x64
		{E845D66D-1214-4108-8EB3-F02204103A9F}.Release|Any CPU.Build.0 = HTML5_DebugGame_Game|x64
		{E845D66D-1214-4108-8EB3-F02204103A9F}.Release|HTML5.ActiveCfg = HTML5_DebugGame_Game|x64
		{E845D66D-1214-4108-8EB3-F02204103A9F}.Release|HTML5.Build.0 = HTML5_DebugGame_Game|x64
		{E845D66D-1214-4108-8EB3-F02204103A9F}.Release|Win32.ActiveCfg = Shipping_Game|Win32
		{E845D66D-1214-4108-8EB3-F02204103A9F}.Release|Win32.Build.0 = Shipping_Game|Win32
		{E845D66D-1214-4108-8EB3-F02204103A9F}.Release|Win64.ActiveCfg = HTML5_DebugGame_Game|x64
		{E845D66D-1214-4108-8EB3-F02204103A9F}.Release|Win64.Build.0 = HTML5_DebugGame_Game|x64
		{E845D66D-1214-4108-8EB3-F02204103A9F}.Shipping|Any CPU.ActiveCfg = HTML5_DebugGame_Game|x64
		{E845D66D-1214-4108-8EB3-F02204103A9F}.Shipping|Any CPU.Build.0 = HTML5_DebugGame_Game|x64
		{E845D66D-1214-4108-8EB3-F02204103A9F}.Shipping|HTML5.ActiveCfg = HTML5_Shipping_Game|Win32
		{E845D66D-1214-4108-8EB3-F02204103A9F}.Shipping|HTML5.Build.0 = HTML5_Shipping_Game|Win32
		{E845D66D-1214-4108-8EB3-F02204103A9F}.Shipping|Win32.ActiveCfg = Shipping_Game|Win32
		{E845D66D-1214-4108-8EB3-F02204103A9F}.Shipping|Win32.Build.0 = Shipping_Game|Win32
		{E845D66D-1214-4108-8EB3-F02204103A9F}.Shipping|Win64.ActiveCfg = Shipping_Game|x64
		{E845D66D-1214-4108-8EB3-F02204103A9F}.Shipping|Win64.Build.0 = Shipping_Game|x64
		{4129FF5A-AFE1-4BF0-8EEE-D52696229326}.Debug|Any CPU.ActiveCfg = Debug|Any CPU
		{4129FF5A-AFE1-4BF0-8EEE-D52696229326}.Debug|Any CPU.Build.0 = Debug|Any CPU
		{4129FF5A-AFE1-4BF0-8EEE-D52696229326}.Debug|HTML5.ActiveCfg = Debug|Any CPU
		{4129FF5A-AFE1-4BF0-8EEE-D52696229326}.Debug|HTML5.Build.0 = Debug|Any CPU
		{4129FF5A-AFE1-4BF0-8EEE-D52696229326}.Debug|Win32.ActiveCfg = Debug|Any CPU
		{4129FF5A-AFE1-4BF0-8EEE-D52696229326}.Debug|Win32.Build.0 = Debug|Any CPU
		{4129FF5A-AFE1-4BF0-8EEE-D52696229326}.Debug|Win64.ActiveCfg = Debug|Any CPU
		{4129FF5A-AFE1-4BF0-8EEE-D52696229326}.Debug|Win64.Build.0 = Debug|Any CPU
		{4129FF5A-AFE1-4BF0-8EEE-D52696229326}.DebugGame Editor|Any CPU.ActiveCfg = Debug|Any CPU
		{4129FF5A-AFE1-4BF0-8EEE-D52696229326}.DebugGame Editor|Any CPU.Build.0 = Debug|Any CPU
		{4129FF5A-AFE1-4BF0-8EEE-D52696229326}.DebugGame Editor|HTML5.ActiveCfg = Debug|Any CPU
		{4129FF5A-AFE1-4BF0-8EEE-D52696229326}.DebugGame Editor|HTML5.Build.0 = Debug|Any CPU
		{4129FF5A-AFE1-4BF0-8EEE-D52696229326}.DebugGame Editor|Win32.ActiveCfg = Debug|Any CPU
		{4129FF5A-AFE1-4BF0-8EEE-D52696229326}.DebugGame Editor|Win32.Build.0 = Debug|Any CPU
		{4129FF5A-AFE1-4BF0-8EEE-D52696229326}.DebugGame Editor|Win64.ActiveCfg = Debug|Any CPU
		{4129FF5A-AFE1-4BF0-8EEE-D52696229326}.DebugGame Editor|Win64.Build.0 = Debug|Any CPU
		{4129FF5A-AFE1-4BF0-8EEE-D52696229326}.DebugGame|Any CPU.ActiveCfg = Debug|Any CPU
		{4129FF5A-AFE1-4BF0-8EEE-D52696229326}.DebugGame|Any CPU.Build.0 = Debug|Any CPU
		{4129FF5A-AFE1-4BF0-8EEE-D52696229326}.DebugGame|HTML5.ActiveCfg = Debug|Any CPU
		{4129FF5A-AFE1-4BF0-8EEE-D52696229326}.DebugGame|HTML5.Build.0 = Debug|Any CPU
		{4129FF5A-AFE1-4BF0-8EEE-D52696229326}.DebugGame|Win32.ActiveCfg = Debug|Any CPU
		{4129FF5A-AFE1-4BF0-8EEE-D52696229326}.DebugGame|Win32.Build.0 = Debug|Any CPU
		{4129FF5A-AFE1-4BF0-8EEE-D52696229326}.DebugGame|Win64.ActiveCfg = Debug|Any CPU
		{4129FF5A-AFE1-4BF0-8EEE-D52696229326}.DebugGame|Win64.Build.0 = Debug|Any CPU
		{4129FF5A-AFE1-4BF0-8EEE-D52696229326}.Development Editor|Any CPU.ActiveCfg = Debug|Any CPU
		{4129FF5A-AFE1-4BF0-8EEE-D52696229326}.Development Editor|Any CPU.Build.0 = Debug|Any CPU
		{4129FF5A-AFE1-4BF0-8EEE-D52696229326}.Development Editor|HTML5.ActiveCfg = Debug|Any CPU
		{4129FF5A-AFE1-4BF0-8EEE-D52696229326}.Development Editor|HTML5.Build.0 = Debug|Any CPU
		{4129FF5A-AFE1-4BF0-8EEE-D52696229326}.Development Editor|Win32.ActiveCfg = Debug|Any CPU
		{4129FF5A-AFE1-4BF0-8EEE-D52696229326}.Development Editor|Win32.Build.0 = Debug|Any CPU
		{4129FF5A-AFE1-4BF0-8EEE-D52696229326}.Development Editor|Win64.ActiveCfg = Debug|Any CPU
		{4129FF5A-AFE1-4BF0-8EEE-D52696229326}.Development Editor|Win64.Build.0 = Debug|Any CPU
		{4129FF5A-AFE1-4BF0-8EEE-D52696229326}.Development|Any CPU.ActiveCfg = Debug|Any CPU
		{4129FF5A-AFE1-4BF0-8EEE-D52696229326}.Development|Any CPU.Build.0 = Debug|Any CPU
		{4129FF5A-AFE1-4BF0-8EEE-D52696229326}.Development|HTML5.ActiveCfg = Debug|Any CPU
		{4129FF5A-AFE1-4BF0-8EEE-D52696229326}.Development|HTML5.Build.0 = Debug|Any CPU
		{4129FF5A-AFE1-4BF0-8EEE-D52696229326}.Development|Win32.ActiveCfg = Debug|Any CPU
		{4129FF5A-AFE1-4BF0-8EEE-D52696229326}.Development|Win32.Build.0 = Debug|Any CPU
		{4129FF5A-AFE1-4BF0-8EEE-D52696229326}.Development|Win64.ActiveCfg = Debug|Any CPU
		{4129FF5A-AFE1-4BF0-8EEE-D52696229326}.Development|Win64.Build.0 = Debug|Any CPU
		{4129FF5A-AFE1-4BF0-8EEE-D52696229326}.Release|Any CPU.ActiveCfg = Release|Any CPU
		{4129FF5A-AFE1-4BF0-8EEE-D52696229326}.Release|Any CPU.Build.0 = Release|Any CPU
		{4129FF5A-AFE1-4BF0-8EEE-D52696229326}.Release|HTML5.ActiveCfg = Release|Any CPU
		{4129FF5A-AFE1-4BF0-8EEE-D52696229326}.Release|HTML5.Build.0 = Release|Any CPU
		{4129FF5A-AFE1-4BF0-8EEE-D52696229326}.Release|Win32.ActiveCfg = Release|Any CPU
		{4129FF5A-AFE1-4BF0-8EEE-D52696229326}.Release|Win32.Build.0 = Release|Any CPU
		{4129FF5A-AFE1-4BF0-8EEE-D52696229326}.Release|Win64.ActiveCfg = Release|Any CPU
		{4129FF5A-AFE1-4BF0-8EEE-D52696229326}.Release|Win64.Build.0 = Release|Any CPU
		{4129FF5A-AFE1-4BF0-8EEE-D52696229326}.Shipping|Any CPU.ActiveCfg = Release|Any CPU
		{4129FF5A-AFE1-4BF0-8EEE-D52696229326}.Shipping|Any CPU.Build.0 = Release|Any CPU
		{4129FF5A-AFE1-4BF0-8EEE-D52696229326}.Shipping|HTML5.ActiveCfg = Release|Any CPU
		{4129FF5A-AFE1-4BF0-8EEE-D52696229326}.Shipping|HTML5.Build.0 = Release|Any CPU
		{4129FF5A-AFE1-4BF0-8EEE-D52696229326}.Shipping|Win32.ActiveCfg = Release|Any CPU
		{4129FF5A-AFE1-4BF0-8EEE-D52696229326}.Shipping|Win32.Build.0 = Release|Any CPU
		{4129FF5A-AFE1-4BF0-8EEE-D52696229326}.Shipping|Win64.ActiveCfg = Release|Any CPU
		{4129FF5A-AFE1-4BF0-8EEE-D52696229326}.Shipping|Win64.Build.0 = Release|Any CPU
	EndGlobalSection
	GlobalSection(SolutionProperties) = preSolution
		HideSolutionNode = FALSE
	EndGlobalSection
	GlobalSection(NestedProjects) = preSolution
		{E1B3860F-9724-4D47-B70A-E2CB5E58295A} = {9384658E-107D-427A-A9AE-29DF2641648B}
		{E845D66D-1214-4108-8EB3-F02204103A9F} = {214E28B2-9E0C-4369-82F2-AB56BDEA66FD}
	EndGlobalSection
	GlobalSection(ExtensibilityGlobals) = postSolution
		SolutionGuid = {995EE018-918E-4321-9D8A-8DD7D6CA1837}
	EndGlobalSection
EndGlobal
